version = 1
revision = 3
requires-python = "==3.8.*"

[[package]]
name = "beautifulsoup4"
version = "4.9.2"
source = { registry = "https://pypi.org/simple" }
dependencies = [
    { name = "soupsieve" },
]
sdist = { url = "https://files.pythonhosted.org/packages/91/f5/5be6a47f85552586e750b6939b4f21eb4f1b02ef0d0562f1bc3c5fb0ce78/beautifulsoup4-4.9.2.tar.gz", hash = "sha256:1edf5e39f3a5bc6e38b235b369128416c7239b34f692acccececb040233032a1", size = 375880, upload-time = "2020-09-26T15:51:09.882Z" }
wheels = [
    { url = "https://files.pythonhosted.org/packages/56/f2/6c6c7d0b5483b8c63e837c3f5d941e511979ceb3975ca45fa3ef682df2d6/beautifulsoup4-4.9.2-py3-none-any.whl", hash = "sha256:5dfe44f8fddc89ac5453f02659d3ab1668f2c0d9684839f0785037e8c6d9ac8d", size = 115712, upload-time = "2020-09-26T15:51:08.55Z" },
]

[[package]]
name = "certifi"
version = "2025.11.12"
source = { registry = "https://pypi.org/simple" }
sdist = { url = "https://files.pythonhosted.org/packages/a2/8c/58f469717fa48465e4a50c014a0400602d3c437d7c0c468e17ada824da3a/certifi-2025.11.12.tar.gz", hash = "sha256:d8ab5478f2ecd78af242878415affce761ca6bc54a22a27e026d7c25357c3316", size = 160538, upload-time = "2025-11-12T02:54:51.517Z" }
wheels = [
    { url = "https://files.pythonhosted.org/packages/70/7d/9bc192684cea499815ff478dfcdc13835ddf401365057044fb721ec6bddb/certifi-2025.11.12-py3-none-any.whl", hash = "sha256:97de8790030bbd5c2d96b7ec782fc2f7820ef8dba6db909ccf95449f2d062d4b", size = 159438, upload-time = "2025-11-12T02:54:49.735Z" },
]

[[package]]
name = "cffi"
version = "1.17.1"
source = { registry = "https://pypi.org/simple" }
dependencies = [
    { name = "pycparser" },
]
sdist = { url = "https://files.pythonhosted.org/packages/fc/97/c783634659c2920c3fc70419e3af40972dbaf758daa229a7d6ea6135c90d/cffi-1.17.1.tar.gz", hash = "sha256:1c39c6016c32bc48dd54561950ebd6836e1670f2ae46128f67cf49e789c52824", size = 516621, upload-time = "2024-09-04T20:45:21.852Z" }
wheels = [
    { url = "https://files.pythonhosted.org/packages/48/08/15bf6b43ae9bd06f6b00ad8a91f5a8fe1069d4c9fab550a866755402724e/cffi-1.17.1-cp38-cp38-macosx_10_9_x86_64.whl", hash = "sha256:636062ea65bd0195bc012fea9321aca499c0504409f413dc88af450b57ffd03b", size = 182457, upload-time = "2024-09-04T20:44:47.892Z" },
    { url = "https://files.pythonhosted.org/packages/c2/5b/f1523dd545f92f7df468e5f653ffa4df30ac222f3c884e51e139878f1cb5/cffi-1.17.1-cp38-cp38-manylinux_2_12_i686.manylinux2010_i686.manylinux_2_17_i686.manylinux2014_i686.whl", hash = "sha256:c7eac2ef9b63c79431bc4b25f1cd649d7f061a28808cbc6c47b534bd789ef964", size = 425932, upload-time = "2024-09-04T20:44:49.491Z" },
    { url = "https://files.pythonhosted.org/packages/53/93/7e547ab4105969cc8c93b38a667b82a835dd2cc78f3a7dad6130cfd41e1d/cffi-1.17.1-cp38-cp38-manylinux_2_17_aarch64.manylinux2014_aarch64.whl", hash = "sha256:e221cf152cff04059d011ee126477f0d9588303eb57e88923578ace7baad17f9", size = 448585, upload-time = "2024-09-04T20:44:51.671Z" },
    { url = "https://files.pythonhosted.org/packages/56/c4/a308f2c332006206bb511de219efeff090e9d63529ba0a77aae72e82248b/cffi-1.17.1-cp38-cp38-manylinux_2_17_ppc64le.manylinux2014_ppc64le.whl", hash = "sha256:31000ec67d4221a71bd3f67df918b1f88f676f1c3b535a7eb473255fdc0b83fc", size = 456268, upload-time = "2024-09-04T20:44:53.51Z" },
    { url = "https://files.pythonhosted.org/packages/ca/5b/b63681518265f2f4060d2b60755c1c77ec89e5e045fc3773b72735ddaad5/cffi-1.17.1-cp38-cp38-manylinux_2_17_s390x.manylinux2014_s390x.whl", hash = "sha256:6f17be4345073b0a7b8ea599688f692ac3ef23ce28e5df79c04de519dbc4912c", size = 436592, upload-time = "2024-09-04T20:44:55.085Z" },
    { url = "https://files.pythonhosted.org/packages/bb/19/b51af9f4a4faa4a8ac5a0e5d5c2522dcd9703d07fac69da34a36c4d960d3/cffi-1.17.1-cp38-cp38-manylinux_2_17_x86_64.manylinux2014_x86_64.whl", hash = "sha256:0e2b1fac190ae3ebfe37b979cc1ce69c81f4e4fe5746bb401dca63a9062cdaf1", size = 446512, upload-time = "2024-09-04T20:44:57.135Z" },
    { url = "https://files.pythonhosted.org/packages/e2/63/2bed8323890cb613bbecda807688a31ed11a7fe7afe31f8faaae0206a9a3/cffi-1.17.1-cp38-cp38-win32.whl", hash = "sha256:7596d6620d3fa590f677e9ee430df2958d2d6d6de2feeae5b20e82c00b76fbf8", size = 171576, upload-time = "2024-09-04T20:44:58.535Z" },
    { url = "https://files.pythonhosted.org/packages/2f/70/80c33b044ebc79527447fd4fbc5455d514c3bb840dede4455de97da39b4d/cffi-1.17.1-cp38-cp38-win_amd64.whl", hash = "sha256:78122be759c3f8a014ce010908ae03364d00a1f81ab5c7f4a7a5120607ea56e1", size = 181229, upload-time = "2024-09-04T20:44:59.963Z" },
]

[[package]]
name = "charset-normalizer"
version = "3.4.4"
source = { registry = "https://pypi.org/simple" }
sdist = { url = "https://files.pythonhosted.org/packages/13/69/33ddede1939fdd074bce5434295f38fae7136463422fe4fd3e0e89b98062/charset_normalizer-3.4.4.tar.gz", hash = "sha256:94537985111c35f28720e43603b8e7b43a6ecfb2ce1d3058bbe955b73404e21a", size = 129418, upload-time = "2025-10-14T04:42:32.879Z" }
wheels = [
    { url = "https://files.pythonhosted.org/packages/0a/4e/3926a1c11f0433791985727965263f788af00db3482d89a7545ca5ecc921/charset_normalizer-3.4.4-cp38-cp38-macosx_10_9_universal2.whl", hash = "sha256:ce8a0633f41a967713a59c4139d29110c07e826d131a316b50ce11b1d79b4f84", size = 198599, upload-time = "2025-10-14T04:41:53.213Z" },
    { url = "https://files.pythonhosted.org/packages/ec/7c/b92d1d1dcffc34592e71ea19c882b6709e43d20fa498042dea8b815638d7/charset_normalizer-3.4.4-cp38-cp38-manylinux2014_aarch64.manylinux_2_17_aarch64.manylinux_2_28_aarch64.whl", hash = "sha256:eaabd426fe94daf8fd157c32e571c85cb12e66692f15516a83a03264b08d06c3", size = 143090, upload-time = "2025-10-14T04:41:54.385Z" },
    { url = "https://files.pythonhosted.org/packages/84/ce/61a28d3bb77281eb24107b937a497f3c43089326d27832a63dcedaab0478/charset_normalizer-3.4.4-cp38-cp38-manylinux2014_armv7l.manylinux_2_17_armv7l.manylinux_2_31_armv7l.whl", hash = "sha256:c4ef880e27901b6cc782f1b95f82da9313c0eb95c3af699103088fa0ac3ce9ac", size = 139490, upload-time = "2025-10-14T04:41:55.551Z" },
    { url = "https://files.pythonhosted.org/packages/c0/bd/c9e59a91b2061c6f8bb98a150670cb16d4cd7c4ba7d11ad0cdf789155f41/charset_normalizer-3.4.4-cp38-cp38-manylinux2014_ppc64le.manylinux_2_17_ppc64le.manylinux_2_28_ppc64le.whl", hash = "sha256:2aaba3b0819274cc41757a1da876f810a3e4d7b6eb25699253a4effef9e8e4af", size = 155334, upload-time = "2025-10-14T04:41:56.724Z" },
    { url = "https://files.pythonhosted.org/packages/bf/37/f17ae176a80f22ff823456af91ba3bc59df308154ff53aef0d39eb3d3419/charset_normalizer-3.4.4-cp38-cp38-manylinux2014_s390x.manylinux_2_17_s390x.manylinux_2_28_s390x.whl", hash = "sha256:778d2e08eda00f4256d7f672ca9fef386071c9202f5e4607920b86d7803387f2", size = 152823, upload-time = "2025-10-14T04:41:58.236Z" },
    { url = "https://files.pythonhosted.org/packages/bf/fa/cf5bb2409a385f78750e78c8d2e24780964976acdaaed65dbd6083ae5b40/charset_normalizer-3.4.4-cp38-cp38-manylinux2014_x86_64.manylinux_2_17_x86_64.manylinux_2_28_x86_64.whl", hash = "sha256:f155a433c2ec037d4e8df17d18922c3a0d9b3232a396690f17175d2946f0218d", size = 147618, upload-time = "2025-10-14T04:41:59.409Z" },
    { url = "https://files.pythonhosted.org/packages/9b/63/579784a65bc7de2d4518d40bb8f1870900163e86f17f21fd1384318c459d/charset_normalizer-3.4.4-cp38-cp38-manylinux_2_31_riscv64.manylinux_2_39_riscv64.whl", hash = "sha256:a8bf8d0f749c5757af2142fe7903a9df1d2e8aa3841559b2bad34b08d0e2bcf3", size = 145516, upload-time = "2025-10-14T04:42:00.579Z" },
    { url = "https://files.pythonhosted.org/packages/a3/a9/94ec6266cd394e8f93a4d69cca651d61bf6ac58d2a0422163b30c698f2c7/charset_normalizer-3.4.4-cp38-cp38-musllinux_1_2_aarch64.whl", hash = "sha256:194f08cbb32dc406d6e1aea671a68be0823673db2832b38405deba2fb0d88f63", size = 145266, upload-time = "2025-10-14T04:42:01.684Z" },
    { url = "https://files.pythonhosted.org/packages/09/14/d6626eb97764b58c2779fa7928fa7d1a49adb8ce687c2dbba4db003c1939/charset_normalizer-3.4.4-cp38-cp38-musllinux_1_2_armv7l.whl", hash = "sha256:6aee717dcfead04c6eb1ce3bd29ac1e22663cdea57f943c87d1eab9a025438d7", size = 139559, upload-time = "2025-10-14T04:42:02.902Z" },
    { url = "https://files.pythonhosted.org/packages/09/01/ddbe6b01313ba191dbb0a43c7563bc770f2448c18127f9ea4b119c44dff0/charset_normalizer-3.4.4-cp38-cp38-musllinux_1_2_ppc64le.whl", hash = "sha256:cd4b7ca9984e5e7985c12bc60a6f173f3c958eae74f3ef6624bb6b26e2abbae4", size = 156653, upload-time = "2025-10-14T04:42:04.005Z" },
    { url = "https://files.pythonhosted.org/packages/95/c8/d05543378bea89296e9af4510b44c704626e191da447235c8fdedfc5b7b2/charset_normalizer-3.4.4-cp38-cp38-musllinux_1_2_riscv64.whl", hash = "sha256:b7cf1017d601aa35e6bb650b6ad28652c9cd78ee6caff19f3c28d03e1c80acbf", size = 145644, upload-time = "2025-10-14T04:42:05.211Z" },
    { url = "https://files.pythonhosted.org/packages/72/01/2866c4377998ef8a1f6802f6431e774a4c8ebe75b0a6e569ceec55c9cbfb/charset_normalizer-3.4.4-cp38-cp38-musllinux_1_2_s390x.whl", hash = "sha256:e912091979546adf63357d7e2ccff9b44f026c075aeaf25a52d0e95ad2281074", size = 153964, upload-time = "2025-10-14T04:42:06.341Z" },
    { url = "https://files.pythonhosted.org/packages/4a/66/66c72468a737b4cbd7851ba2c522fe35c600575fbeac944460b4fd4a06fe/charset_normalizer-3.4.4-cp38-cp38-musllinux_1_2_x86_64.whl", hash = "sha256:5cb4d72eea50c8868f5288b7f7f33ed276118325c1dfd3957089f6b519e1382a", size = 148777, upload-time = "2025-10-14T04:42:07.535Z" },
    { url = "https://files.pythonhosted.org/packages/50/94/d0d56677fdddbffa8ca00ec411f67bb8c947f9876374ddc9d160d4f2c4b3/charset_normalizer-3.4.4-cp38-cp38-win32.whl", hash = "sha256:837c2ce8c5a65a2035be9b3569c684358dfbf109fd3b6969630a87535495ceaa", size = 98687, upload-time = "2025-10-14T04:42:08.678Z" },
    { url = "https://files.pythonhosted.org/packages/00/64/c3bc303d1b586480b1c8e6e1e2191a6d6dd40255244e5cf16763dcec52e6/charset_normalizer-3.4.4-cp38-cp38-win_amd64.whl", hash = "sha256:44c2a8734b333e0578090c4cd6b16f275e07aa6614ca8715e6c038e865e70576", size = 106115, upload-time = "2025-10-14T04:42:09.793Z" },
    { url = "https://files.pythonhosted.org/packages/0a/4c/925909008ed5a988ccbb72dcc897407e5d6d3bd72410d69e051fc0c14647/charset_normalizer-3.4.4-py3-none-any.whl", hash = "sha256:7a32c560861a02ff789ad905a2fe94e3f840803362c84fecf1851cb4cf3dc37f", size = 53402, upload-time = "2025-10-14T04:42:31.76Z" },
]

[[package]]
name = "coverage"
version = "5.3"
source = { registry = "https://pypi.org/simple" }
sdist = { url = "https://files.pythonhosted.org/packages/da/50/4c0c93ea67c8b42aa700cfbdedd64ea5ac5e7108ba14e3e744f57309304b/coverage-5.3.tar.gz", hash = "sha256:280baa8ec489c4f542f8940f9c4c2181f0306a8ee1a54eceba071a449fb870a0", size = 693632, upload-time = "2020-09-13T21:15:31.367Z" }
wheels = [
    { url = "https://files.pythonhosted.org/packages/79/f4/0597fba8f0c13548091e73bfa1f00598df29a5b5651f59fb8e6c80105129/coverage-5.3-cp38-cp38-macosx_10_9_x86_64.whl", hash = "sha256:0203acd33d2298e19b57451ebb0bed0ab0c602e5cf5a818591b4918b1f97d516", size = 205858, upload-time = "2020-09-13T21:15:16.093Z" },
    { url = "https://files.pythonhosted.org/packages/6d/a0/73294f2393d4b916ff680f7f5af471138b8e021bde29ff819ecbaad535a7/coverage-5.3-cp38-cp38-manylinux1_i686.whl", hash = "sha256:582ddfbe712025448206a5bc45855d16c2e491c2dd102ee9a2841418ac1c629f", size = 228160, upload-time = "2020-09-13T21:15:17.658Z" },
    { url = "https://files.pythonhosted.org/packages/e4/6a/fa167da3ac886b4777bfe37a86a2d664637dff12837dd6187ce9cdd5eb70/coverage-5.3-cp38-cp38-manylinux1_x86_64.whl", hash = "sha256:0f313707cdecd5cd3e217fc68c78a960b616604b559e9ea60cc16795c4304259", size = 230658, upload-time = "2020-09-13T21:15:18.997Z" },
    { url = "https://files.pythonhosted.org/packages/e9/23/32eef583dde5682e3063e1c8ee1dd307570ce9a70ecf2dda4dd9206720ca/coverage-5.3-cp38-cp38-win32.whl", hash = "sha256:78e93cc3571fd928a39c0b26767c986188a4118edc67bc0695bc7a284da22e82", size = 207223, upload-time = "2020-09-13T21:15:20.402Z" },
    { url = "https://files.pythonhosted.org/packages/d0/96/62bda27d5f36be489c5919b2d206214b32b4f40d36c036e2f969956bd74d/coverage-5.3-cp38-cp38-win_amd64.whl", hash = "sha256:8f264ba2701b8c9f815b272ad568d555ef98dfe1576802ab3149c3629a9f2221", size = 208550, upload-time = "2020-09-13T21:15:21.977Z" },
]

[[package]]
name = "cryptography"
version = "46.0.3"
source = { registry = "https://pypi.org/simple" }
dependencies = [
    { name = "cffi", marker = "platform_python_implementation != 'PyPy'" },
    { name = "typing-extensions" },
]
sdist = { url = "https://files.pythonhosted.org/packages/9f/33/c00162f49c0e2fe8064a62cb92b93e50c74a72bc370ab92f86112b33ff62/cryptography-46.0.3.tar.gz", hash = "sha256:a8b17438104fed022ce745b362294d9ce35b4c2e45c1d958ad4a4b019285f4a1", size = 749258, upload-time = "2025-10-15T23:18:31.74Z" }
wheels = [
    { url = "https://files.pythonhosted.org/packages/1d/42/9c391dd801d6cf0d561b5890549d4b27bafcc53b39c31a817e69d87c625b/cryptography-46.0.3-cp311-abi3-macosx_10_9_universal2.whl", hash = "sha256:109d4ddfadf17e8e7779c39f9b18111a09efb969a301a31e987416a0191ed93a", size = 7225004, upload-time = "2025-10-15T23:16:52.239Z" },
    { url = "https://files.pythonhosted.org/packages/1c/67/38769ca6b65f07461eb200e85fc1639b438bdc667be02cf7f2cd6a64601c/cryptography-46.0.3-cp311-abi3-manylinux2014_aarch64.manylinux_2_17_aarch64.whl", hash = "sha256:09859af8466b69bc3c27bdf4f5d84a665e0f7ab5088412e9e2ec49758eca5cbc", size = 4296667, upload-time = "2025-10-15T23:16:54.369Z" },
    { url = "https://files.pythonhosted.org/packages/5c/49/498c86566a1d80e978b42f0d702795f69887005548c041636df6ae1ca64c/cryptography-46.0.3-cp311-abi3-manylinux2014_x86_64.manylinux_2_17_x86_64.whl", hash = "sha256:01ca9ff2885f3acc98c29f1860552e37f6d7c7d013d7334ff2a9de43a449315d", size = 4450807, upload-time = "2025-10-15T23:16:56.414Z" },
    { url = "https://files.pythonhosted.org/packages/4b/0a/863a3604112174c8624a2ac3c038662d9e59970c7f926acdcfaed8d61142/cryptography-46.0.3-cp311-abi3-manylinux_2_28_aarch64.whl", hash = "sha256:6eae65d4c3d33da080cff9c4ab1f711b15c1d9760809dad6ea763f3812d254cb", size = 4299615, upload-time = "2025-10-15T23:16:58.442Z" },
    { url = "https://files.pythonhosted.org/packages/64/02/b73a533f6b64a69f3cd3872acb6ebc12aef924d8d103133bb3ea750dc703/cryptography-46.0.3-cp311-abi3-manylinux_2_28_armv7l.manylinux_2_31_armv7l.whl", hash = "sha256:e5bf0ed4490068a2e72ac03d786693adeb909981cc596425d09032d372bcc849", size = 4016800, upload-time = "2025-10-15T23:17:00.378Z" },
    { url = "https://files.pythonhosted.org/packages/25/d5/16e41afbfa450cde85a3b7ec599bebefaef16b5c6ba4ec49a3532336ed72/cryptography-46.0.3-cp311-abi3-manylinux_2_28_ppc64le.whl", hash = "sha256:5ecfccd2329e37e9b7112a888e76d9feca2347f12f37918facbb893d7bb88ee8", size = 4984707, upload-time = "2025-10-15T23:17:01.98Z" },
    { url = "https://files.pythonhosted.org/packages/c9/56/e7e69b427c3878352c2fb9b450bd0e19ed552753491d39d7d0a2f5226d41/cryptography-46.0.3-cp311-abi3-manylinux_2_28_x86_64.whl", hash = "sha256:a2c0cd47381a3229c403062f764160d57d4d175e022c1df84e168c6251a22eec", size = 4482541, upload-time = "2025-10-15T23:17:04.078Z" },
    { url = "https://files.pythonhosted.org/packages/78/f6/50736d40d97e8483172f1bb6e698895b92a223dba513b0ca6f06b2365339/cryptography-46.0.3-cp311-abi3-manylinux_2_34_aarch64.whl", hash = "sha256:549e234ff32571b1f4076ac269fcce7a808d3bf98b76c8dd560e42dbc66d7d91", size = 4299464, upload-time = "2025-10-15T23:17:05.483Z" },
    { url = "https://files.pythonhosted.org/packages/00/de/d8e26b1a855f19d9994a19c702fa2e93b0456beccbcfe437eda00e0701f2/cryptography-46.0.3-cp311-abi3-manylinux_2_34_ppc64le.whl", hash = "sha256:c0a7bb1a68a5d3471880e264621346c48665b3bf1c3759d682fc0864c540bd9e", size = 4950838, upload-time = "2025-10-15T23:17:07.425Z" },
    { url = "https://files.pythonhosted.org/packages/8f/29/798fc4ec461a1c9e9f735f2fc58741b0daae30688f41b2497dcbc9ed1355/cryptography-46.0.3-cp311-abi3-manylinux_2_34_x86_64.whl", hash = "sha256:10b01676fc208c3e6feeb25a8b83d81767e8059e1fe86e1dc62d10a3018fa926", size = 4481596, upload-time = "2025-10-15T23:17:09.343Z" },
    { url = "https://files.pythonhosted.org/packages/15/8d/03cd48b20a573adfff7652b76271078e3045b9f49387920e7f1f631d125e/cryptography-46.0.3-cp311-abi3-musllinux_1_2_aarch64.whl", hash = "sha256:0abf1ffd6e57c67e92af68330d05760b7b7efb243aab8377e583284dbab72c71", size = 4426782, upload-time = "2025-10-15T23:17:11.22Z" },
    { url = "https://files.pythonhosted.org/packages/fa/b1/ebacbfe53317d55cf33165bda24c86523497a6881f339f9aae5c2e13e57b/cryptography-46.0.3-cp311-abi3-musllinux_1_2_x86_64.whl", hash = "sha256:a04bee9ab6a4da801eb9b51f1b708a1b5b5c9eb48c03f74198464c66f0d344ac", size = 4698381, upload-time = "2025-10-15T23:17:12.829Z" },
    { url = "https://files.pythonhosted.org/packages/96/92/8a6a9525893325fc057a01f654d7efc2c64b9de90413adcf605a85744ff4/cryptography-46.0.3-cp311-abi3-win32.whl", hash = "sha256:f260d0d41e9b4da1ed1e0f1ce571f97fe370b152ab18778e9e8f67d6af432018", size = 3055988, upload-time = "2025-10-15T23:17:14.65Z" },
    { url = "https://files.pythonhosted.org/packages/7e/bf/80fbf45253ea585a1e492a6a17efcb93467701fa79e71550a430c5e60df0/cryptography-46.0.3-cp311-abi3-win_amd64.whl", hash = "sha256:a9a3008438615669153eb86b26b61e09993921ebdd75385ddd748702c5adfddb", size = 3514451, upload-time = "2025-10-15T23:17:16.142Z" },
    { url = "https://files.pythonhosted.org/packages/2e/af/9b302da4c87b0beb9db4e756386a7c6c5b8003cd0e742277888d352ae91d/cryptography-46.0.3-cp311-abi3-win_arm64.whl", hash = "sha256:5d7f93296ee28f68447397bf5198428c9aeeab45705a55d53a6343455dcb2c3c", size = 2928007, upload-time = "2025-10-15T23:17:18.04Z" },
    { url = "https://files.pythonhosted.org/packages/fd/23/45fe7f376a7df8daf6da3556603b36f53475a99ce4faacb6ba2cf3d82021/cryptography-46.0.3-cp38-abi3-macosx_10_9_universal2.whl", hash = "sha256:cb3d760a6117f621261d662bccc8ef5bc32ca673e037c83fbe565324f5c46936", size = 7218248, upload-time = "2025-10-15T23:17:46.294Z" },
    { url = "https://files.pythonhosted.org/packages/27/32/b68d27471372737054cbd34c84981f9edbc24fe67ca225d389799614e27f/cryptography-46.0.3-cp38-abi3-manylinux2014_aarch64.manylinux_2_17_aarch64.whl", hash = "sha256:4b7387121ac7d15e550f5cb4a43aef2559ed759c35df7336c402bb8275ac9683", size = 4294089, upload-time = "2025-10-15T23:17:48.269Z" },
    { url = "https://files.pythonhosted.org/packages/26/42/fa8389d4478368743e24e61eea78846a0006caffaf72ea24a15159215a14/cryptography-46.0.3-cp38-abi3-manylinux2014_x86_64.manylinux_2_17_x86_64.whl", hash = "sha256:15ab9b093e8f09daab0f2159bb7e47532596075139dd74365da52ecc9cb46c5d", size = 4440029, upload-time = "2025-10-15T23:17:49.837Z" },
    { url = "https://files.pythonhosted.org/packages/5f/eb/f483db0ec5ac040824f269e93dd2bd8a21ecd1027e77ad7bdf6914f2fd80/cryptography-46.0.3-cp38-abi3-manylinux_2_28_aarch64.whl", hash = "sha256:46acf53b40ea38f9c6c229599a4a13f0d46a6c3fa9ef19fc1a124d62e338dfa0", size = 4297222, upload-time = "2025-10-15T23:17:51.357Z" },
    { url = "https://files.pythonhosted.org/packages/fd/cf/da9502c4e1912cb1da3807ea3618a6829bee8207456fbbeebc361ec38ba3/cryptography-46.0.3-cp38-abi3-manylinux_2_28_armv7l.manylinux_2_31_armv7l.whl", hash = "sha256:10ca84c4668d066a9878890047f03546f3ae0a6b8b39b697457b7757aaf18dbc", size = 4012280, upload-time = "2025-10-15T23:17:52.964Z" },
    { url = "https://files.pythonhosted.org/packages/6b/8f/9adb86b93330e0df8b3dcf03eae67c33ba89958fc2e03862ef1ac2b42465/cryptography-46.0.3-cp38-abi3-manylinux_2_28_ppc64le.whl", hash = "sha256:36e627112085bb3b81b19fed209c05ce2a52ee8b15d161b7c643a7d5a88491f3", size = 4978958, upload-time = "2025-10-15T23:17:54.965Z" },
    { url = "https://files.pythonhosted.org/packages/d1/a0/5fa77988289c34bdb9f913f5606ecc9ada1adb5ae870bd0d1054a7021cc4/cryptography-46.0.3-cp38-abi3-manylinux_2_28_x86_64.whl", hash = "sha256:1000713389b75c449a6e979ffc7dcc8ac90b437048766cef052d4d30b8220971", size = 4473714, upload-time = "2025-10-15T23:17:56.754Z" },
    { url = "https://files.pythonhosted.org/packages/14/e5/fc82d72a58d41c393697aa18c9abe5ae1214ff6f2a5c18ac470f92777895/cryptography-46.0.3-cp38-abi3-manylinux_2_34_aarch64.whl", hash = "sha256:b02cf04496f6576afffef5ddd04a0cb7d49cf6be16a9059d793a30b035f6b6ac", size = 4296970, upload-time = "2025-10-15T23:17:58.588Z" },
    { url = "https://files.pythonhosted.org/packages/78/06/5663ed35438d0b09056973994f1aec467492b33bd31da36e468b01ec1097/cryptography-46.0.3-cp38-abi3-manylinux_2_34_ppc64le.whl", hash = "sha256:71e842ec9bc7abf543b47cf86b9a743baa95f4677d22baa4c7d5c69e49e9bc04", size = 4940236, upload-time = "2025-10-15T23:18:00.897Z" },
    { url = "https://files.pythonhosted.org/packages/fc/59/873633f3f2dcd8a053b8dd1d38f783043b5fce589c0f6988bf55ef57e43e/cryptography-46.0.3-cp38-abi3-manylinux_2_34_x86_64.whl", hash = "sha256:402b58fc32614f00980b66d6e56a5b4118e6cb362ae8f3fda141ba4689bd4506", size = 4472642, upload-time = "2025-10-15T23:18:02.749Z" },
    { url = "https://files.pythonhosted.org/packages/3d/39/8e71f3930e40f6877737d6f69248cf74d4e34b886a3967d32f919cc50d3b/cryptography-46.0.3-cp38-abi3-musllinux_1_2_aarch64.whl", hash = "sha256:ef639cb3372f69ec44915fafcd6698b6cc78fbe0c2ea41be867f6ed612811963", size = 4423126, upload-time = "2025-10-15T23:18:04.85Z" },
    { url = "https://files.pythonhosted.org/packages/cd/c7/f65027c2810e14c3e7268353b1681932b87e5a48e65505d8cc17c99e36ae/cryptography-46.0.3-cp38-abi3-musllinux_1_2_x86_64.whl", hash = "sha256:3b51b8ca4f1c6453d8829e1eb7299499ca7f313900dd4d89a24b8b87c0a780d4", size = 4686573, upload-time = "2025-10-15T23:18:06.908Z" },
    { url = "https://files.pythonhosted.org/packages/0a/6e/1c8331ddf91ca4730ab3086a0f1be19c65510a33b5a441cb334e7a2d2560/cryptography-46.0.3-cp38-abi3-win32.whl", hash = "sha256:6276eb85ef938dc035d59b87c8a7dc559a232f954962520137529d77b18ff1df", size = 3036695, upload-time = "2025-10-15T23:18:08.672Z" },
    { url = "https://files.pythonhosted.org/packages/90/45/b0d691df20633eff80955a0fc7695ff9051ffce8b69741444bd9ed7bd0db/cryptography-46.0.3-cp38-abi3-win_amd64.whl", hash = "sha256:416260257577718c05135c55958b674000baef9a1c7d9e8f306ec60d71db850f", size = 3501720, upload-time = "2025-10-15T23:18:10.632Z" },
    { url = "https://files.pythonhosted.org/packages/e8/cb/2da4cc83f5edb9c3257d09e1e7ab7b23f049c7962cae8d842bbef0a9cec9/cryptography-46.0.3-cp38-abi3-win_arm64.whl", hash = "sha256:d89c3468de4cdc4f08a57e214384d0471911a3830fcdaf7a8cc587e42a866372", size = 2918740, upload-time = "2025-10-15T23:18:12.277Z" },
]

[[package]]
name = "decorator"
version = "5.2.1"
source = { registry = "https://pypi.org/simple" }
sdist = { url = "https://files.pythonhosted.org/packages/43/fa/6d96a0978d19e17b68d634497769987b16c8f4cd0a7a05048bec693caa6b/decorator-5.2.1.tar.gz", hash = "sha256:65f266143752f734b0a7cc83c46f4618af75b8c5911b00ccb61d0ac9b6da0360", size = 56711, upload-time = "2025-02-24T04:41:34.073Z" }
wheels = [
    { url = "https://files.pythonhosted.org/packages/4e/8c/f3147f5c4b73e7550fe5f9352eaa956ae838d5c51eb58e7a25b9f3e2643b/decorator-5.2.1-py3-none-any.whl", hash = "sha256:d316bb415a2d9e2d2b3abcc4084c6502fc09240e292cd76a76afc106a1c8e04a", size = 9190, upload-time = "2025-02-24T04:41:32.565Z" },
]

[[package]]
name = "future"
version = "1.0.0"
source = { registry = "https://pypi.org/simple" }
sdist = { url = "https://files.pythonhosted.org/packages/a7/b2/4140c69c6a66432916b26158687e821ba631a4c9273c474343badf84d3ba/future-1.0.0.tar.gz", hash = "sha256:bd2968309307861edae1458a4f8a4f3598c03be43b97521076aebf5d94c07b05", size = 1228490, upload-time = "2024-02-21T11:52:38.461Z" }
wheels = [
    { url = "https://files.pythonhosted.org/packages/da/71/ae30dadffc90b9006d77af76b393cb9dfbfc9629f339fc1574a1c52e6806/future-1.0.0-py3-none-any.whl", hash = "sha256:929292d34f5872e70396626ef385ec22355a1fae8ad29e1a734c3e43f9fbc216", size = 491326, upload-time = "2024-02-21T11:52:35.956Z" },
]

[[package]]
name = "idna"
version = "3.11"
source = { registry = "https://pypi.org/simple" }
sdist = { url = "https://files.pythonhosted.org/packages/6f/6d/0703ccc57f3a7233505399edb88de3cbd678da106337b9fcde432b65ed60/idna-3.11.tar.gz", hash = "sha256:795dafcc9c04ed0c1fb032c2aa73654d8e8c5023a7df64a53f39190ada629902", size = 194582, upload-time = "2025-10-12T14:55:20.501Z" }
wheels = [
    { url = "https://files.pythonhosted.org/packages/0e/61/66938bbb5fc52dbdf84594873d5b51fb1f7c7794e9c0f5bd885f30bc507b/idna-3.11-py3-none-any.whl", hash = "sha256:771a87f49d9defaf64091e6e6fe9c18d4833f140bd19464795bc32d966ca37ea", size = 71008, upload-time = "2025-10-12T14:55:18.883Z" },
]

[[package]]
name = "numpy"
version = "1.24.4"
source = { registry = "https://pypi.org/simple" }
sdist = { url = "https://files.pythonhosted.org/packages/a4/9b/027bec52c633f6556dba6b722d9a0befb40498b9ceddd29cbe67a45a127c/numpy-1.24.4.tar.gz", hash = "sha256:80f5e3a4e498641401868df4208b74581206afbee7cf7b8329daae82676d9463", size = 10911229, upload-time = "2023-06-26T13:39:33.218Z" }
wheels = [
    { url = "https://files.pythonhosted.org/packages/11/10/943cfb579f1a02909ff96464c69893b1d25be3731b5d3652c2e0cf1281ea/numpy-1.24.4-cp38-cp38-macosx_10_9_x86_64.whl", hash = "sha256:1452241c290f3e2a312c137a9999cdbf63f78864d63c79039bda65ee86943f61", size = 19780722, upload-time = "2023-06-26T13:27:49.573Z" },
    { url = "https://files.pythonhosted.org/packages/a7/ae/f53b7b265fdc701e663fbb322a8e9d4b14d9cb7b2385f45ddfabfc4327e4/numpy-1.24.4-cp38-cp38-macosx_11_0_arm64.whl", hash = "sha256:04640dab83f7c6c85abf9cd729c5b65f1ebd0ccf9de90b270cd61935eef0197f", size = 13843102, upload-time = "2023-06-26T13:28:12.288Z" },
    { url = "https://files.pythonhosted.org/packages/25/6f/2586a50ad72e8dbb1d8381f837008a0321a3516dfd7cb57fc8cf7e4bb06b/numpy-1.24.4-cp38-cp38-manylinux_2_17_aarch64.manylinux2014_aarch64.whl", hash = "sha256:a5425b114831d1e77e4b5d812b69d11d962e104095a5b9c3b641a218abcc050e", size = 14039616, upload-time = "2023-06-26T13:28:35.659Z" },
    { url = "https://files.pythonhosted.org/packages/98/5d/5738903efe0ecb73e51eb44feafba32bdba2081263d40c5043568ff60faf/numpy-1.24.4-cp38-cp38-manylinux_2_17_x86_64.manylinux2014_x86_64.whl", hash = "sha256:dd80e219fd4c71fc3699fc1dadac5dcf4fd882bfc6f7ec53d30fa197b8ee22dc", size = 17316263, upload-time = "2023-06-26T13:29:09.272Z" },
    { url = "https://files.pythonhosted.org/packages/d1/57/8d328f0b91c733aa9aa7ee540dbc49b58796c862b4fbcb1146c701e888da/numpy-1.24.4-cp38-cp38-win32.whl", hash = "sha256:4602244f345453db537be5314d3983dbf5834a9701b7723ec28923e2889e0bb2", size = 12455660, upload-time = "2023-06-26T13:29:33.434Z" },
    { url = "https://files.pythonhosted.org/packages/69/65/0d47953afa0ad569d12de5f65d964321c208492064c38fe3b0b9744f8d44/numpy-1.24.4-cp38-cp38-win_amd64.whl", hash = "sha256:692f2e0f55794943c5bfff12b3f56f99af76f902fc47487bdfe97856de51a706", size = 14868112, upload-time = "2023-06-26T13:29:58.385Z" },
    { url = "https://files.pythonhosted.org/packages/a4/fd/8dff40e25e937c94257455c237b9b6bf5a30d42dd1cc11555533be099492/numpy-1.24.4-pp38-pypy38_pp73-macosx_10_9_x86_64.whl", hash = "sha256:31f13e25b4e304632a4619d0e0777662c2ffea99fcae2029556b17d8ff958aef", size = 19156590, upload-time = "2023-06-26T13:33:10.36Z" },
    { url = "https://files.pythonhosted.org/packages/42/e7/4bf953c6e05df90c6d351af69966384fed8e988d0e8c54dad7103b59f3ba/numpy-1.24.4-pp38-pypy38_pp73-manylinux_2_17_x86_64.manylinux2014_x86_64.whl", hash = "sha256:95f7ac6540e95bc440ad77f56e520da5bf877f87dca58bd095288dce8940532a", size = 16705744, upload-time = "2023-06-26T13:33:36.703Z" },
    { url = "https://files.pythonhosted.org/packages/fc/dd/9106005eb477d022b60b3817ed5937a43dad8fd1f20b0610ea8a32fcb407/numpy-1.24.4-pp38-pypy38_pp73-win_amd64.whl", hash = "sha256:e98f220aa76ca2a977fe435f5b04d7b3470c0a2e6312907b37ba6068f26787f2", size = 14734290, upload-time = "2023-06-26T13:34:05.409Z" },
]

[[package]]
name = "pandas"
version = "2.0.3"
source = { registry = "https://pypi.org/simple" }
dependencies = [
    { name = "numpy" },
    { name = "python-dateutil" },
    { name = "pytz" },
    { name = "tzdata" },
]
sdist = { url = "https://files.pythonhosted.org/packages/b1/a7/824332581e258b5aa4f3763ecb2a797e5f9a54269044ba2e50ac19936b32/pandas-2.0.3.tar.gz", hash = "sha256:c02f372a88e0d17f36d3093a644c73cfc1788e876a7c4bcb4020a77512e2043c", size = 5284455, upload-time = "2023-06-28T23:19:33.371Z" }
wheels = [
    { url = "https://files.pythonhosted.org/packages/78/a8/07dd10f90ca915ed914853cd57f79bfc22e1ef4384ab56cb4336d2fc1f2a/pandas-2.0.3-cp38-cp38-macosx_10_9_x86_64.whl", hash = "sha256:9e4da0d45e7f34c069fe4d522359df7d23badf83abc1d1cef398895822d11061", size = 11653303, upload-time = "2023-06-28T23:17:36.329Z" },
    { url = "https://files.pythonhosted.org/packages/53/c3/f8e87361f7fdf42012def602bfa2a593423c729f5cb7c97aed7f51be66ac/pandas-2.0.3-cp38-cp38-macosx_11_0_arm64.whl", hash = "sha256:32fca2ee1b0d93dd71d979726b12b61faa06aeb93cf77468776287f41ff8fdc5", size = 10710932, upload-time = "2023-06-28T23:17:49.875Z" },
    { url = "https://files.pythonhosted.org/packages/a7/87/828d50c81ce0f434163bf70b925a0eec6076808e0bca312a79322b141f66/pandas-2.0.3-cp38-cp38-manylinux_2_17_aarch64.manylinux2014_aarch64.whl", hash = "sha256:258d3624b3ae734490e4d63c430256e716f488c4fcb7c8e9bde2d3aa46c29089", size = 11684018, upload-time = "2023-06-28T23:18:05.845Z" },
    { url = "https://files.pythonhosted.org/packages/f8/7f/5b047effafbdd34e52c9e2d7e44f729a0655efafb22198c45cf692cdc157/pandas-2.0.3-cp38-cp38-manylinux_2_17_x86_64.manylinux2014_x86_64.whl", hash = "sha256:9eae3dc34fa1aa7772dd3fc60270d13ced7346fcbcfee017d3132ec625e23bb0", size = 12353723, upload-time = "2023-06-28T23:18:17.631Z" },
    { url = "https://files.pythonhosted.org/packages/ea/ae/26a2eda7fa581347d69e51f93892493b2074ef3352ac71033c9f32c52389/pandas-2.0.3-cp38-cp38-win32.whl", hash = "sha256:f3421a7afb1a43f7e38e82e844e2bca9a6d793d66c1a7f9f0ff39a795bbc5e02", size = 9646403, upload-time = "2023-06-28T23:18:24.328Z" },
    { url = "https://files.pythonhosted.org/packages/c3/6c/ea362eef61f05553aaf1a24b3e96b2d0603f5dc71a3bd35688a24ed88843/pandas-2.0.3-cp38-cp38-win_amd64.whl", hash = "sha256:69d7f3884c95da3a31ef82b7618af5710dba95bb885ffab339aad925c3e8ce78", size = 10777638, upload-time = "2023-06-28T23:18:30.947Z" },
]

[[package]]
name = "pycparser"
version = "2.23"
source = { registry = "https://pypi.org/simple" }
sdist = { url = "https://files.pythonhosted.org/packages/fe/cf/d2d3b9f5699fb1e4615c8e32ff220203e43b248e1dfcc6736ad9057731ca/pycparser-2.23.tar.gz", hash = "sha256:78816d4f24add8f10a06d6f05b4d424ad9e96cfebf68a4ddc99c65c0720d00c2", size = 173734, upload-time = "2025-09-09T13:23:47.91Z" }
wheels = [
    { url = "https://files.pythonhosted.org/packages/a0/e3/59cd50310fc9b59512193629e1984c1f95e5c8ae6e5d8c69532ccc65a7fe/pycparser-2.23-py3-none-any.whl", hash = "sha256:e5c6e8d3fbad53479cab09ac03729e0a9faf2bee3db8208a550daf5af81a5934", size = 118140, upload-time = "2025-09-09T13:23:46.651Z" },
]

[[package]]
name = "python-dateutil"
version = "2.9.0.post0"
source = { registry = "https://pypi.org/simple" }
dependencies = [
    { name = "six" },
]
sdist = { url = "https://files.pythonhosted.org/packages/66/c0/0c8b6ad9f17a802ee498c46e004a0eb49bc148f2fd230864601a86dcf6db/python-dateutil-2.9.0.post0.tar.gz", hash = "sha256:37dd54208da7e1cd875388217d5e00ebd4179249f90fb72437e91a35459a0ad3", size = 342432, upload-time = "2024-03-01T18:36:20.211Z" }
wheels = [
    { url = "https://files.pythonhosted.org/packages/ec/57/56b9bcc3c9c6a792fcbaf139543cee77261f3651ca9da0c93f5c1221264b/python_dateutil-2.9.0.post0-py2.py3-none-any.whl", hash = "sha256:a8b2bc7bffae282281c8140a97d3aa9c14da0b136dfe83f850eea9a5f7470427", size = 229892, upload-time = "2024-03-01T18:36:18.57Z" },
]

[[package]]
name = "python-telegram-bot"
version = "12.5.1"
source = { registry = "https://pypi.org/simple" }
dependencies = [
    { name = "certifi" },
    { name = "cryptography" },
    { name = "decorator" },
    { name = "future" },
    { name = "tornado" },
]
sdist = { url = "https://files.pythonhosted.org/packages/dd/b3/5b91ce4307cb8692227bfc633cdb2e05cfd4055700b531062e395926d361/python-telegram-bot-12.5.1.tar.gz", hash = "sha256:6d69fb04dc8d83e01cb25a0d83aaa2a1a4b7d5b14cd38b9f8922a567b4a4a510", size = 246055, upload-time = "2020-03-30T16:29:55.543Z" }
wheels = [
    { url = "https://files.pythonhosted.org/packages/e3/e5/859ab43f1b60963958f6926a22a3726c084b7d384da0d5bb6b5140a98836/python_telegram_bot-12.5.1-py2.py3-none-any.whl", hash = "sha256:af36fbf051415ded8b2633f27b71d292efcd85d58a647a1f138db191380144ff", size = 367386, upload-time = "2020-03-30T16:29:50.604Z" },
]

[[package]]
name = "pytz"
version = "2025.2"
source = { registry = "https://pypi.org/simple" }
sdist = { url = "https://files.pythonhosted.org/packages/f8/bf/abbd3cdfb8fbc7fb3d4d38d320f2441b1e7cbe29be4f23797b4a2b5d8aac/pytz-2025.2.tar.gz", hash = "sha256:360b9e3dbb49a209c21ad61809c7fb453643e048b38924c765813546746e81c3", size = 320884, upload-time = "2025-03-25T02:25:00.538Z" }
wheels = [
    { url = "https://files.pythonhosted.org/packages/81/c4/34e93fe5f5429d7570ec1fa436f1986fb1f00c3e0f43a589fe2bbcd22c3f/pytz-2025.2-py2.py3-none-any.whl", hash = "sha256:5ddf76296dd8c44c26eb8f4b6f35488f3ccbf6fbbd7adee0b7262d43f0ec2f00", size = 509225, upload-time = "2025-03-25T02:24:58.468Z" },
]

[[package]]
name = "requests"
version = "2.32.4"
source = { registry = "https://pypi.org/simple" }
dependencies = [
    { name = "certifi" },
    { name = "charset-normalizer" },
    { name = "idna" },
    { name = "urllib3" },
]
sdist = { url = "https://files.pythonhosted.org/packages/e1/0a/929373653770d8a0d7ea76c37de6e41f11eb07559b103b1c02cafb3f7cf8/requests-2.32.4.tar.gz", hash = "sha256:27d0316682c8a29834d3264820024b62a36942083d52caf2f14c0591336d3422", size = 135258, upload-time = "2025-06-09T16:43:07.34Z" }
wheels = [
    { url = "https://files.pythonhosted.org/packages/7c/e4/56027c4a6b4ae70ca9de302488c5ca95ad4a39e190093d6c1a8ace08341b/requests-2.32.4-py3-none-any.whl", hash = "sha256:27babd3cda2a6d50b30443204ee89830707d396671944c998b5975b031ac2b2c", size = 64847, upload-time = "2025-06-09T16:43:05.728Z" },
]

[[package]]
name = "responses"
version = "0.12.0"
source = { registry = "https://pypi.org/simple" }
dependencies = [
    { name = "requests" },
    { name = "six" },
    { name = "urllib3" },
]
sdist = { url = "https://files.pythonhosted.org/packages/e8/de/5d0133658ce93f3fd996d14494d375eafa966a98aebdfba87bfac612442f/responses-0.12.0.tar.gz", hash = "sha256:e80d5276011a4b79ecb62c5f82ba07aa23fb31ecbc95ee7cad6de250a3c97444", size = 26527, upload-time = "2020-08-30T01:27:02.227Z" }
wheels = [
    { url = "https://files.pythonhosted.org/packages/c1/04/8a5258cfd851c9c89ae5c12c6952c05d42ca8c0788b999806e0c78d06c54/responses-0.12.0-py2.py3-none-any.whl", hash = "sha256:0de50fbf600adf5ef9f0821b85cc537acca98d66bc7776755924476775c1989c", size = 15835, upload-time = "2020-08-30T01:27:00.511Z" },
]

[[package]]
name = "six"
version = "1.17.0"
source = { registry = "https://pypi.org/simple" }
sdist = { url = "https://files.pythonhosted.org/packages/94/e7/b2c673351809dca68a0e064b6af791aa332cf192da575fd474ed7d6f16a2/six-1.17.0.tar.gz", hash = "sha256:ff70335d468e7eb6ec65b95b99d3a2836546063f63acc5171de367e834932a81", size = 34031, upload-time = "2024-12-04T17:35:28.174Z" }
wheels = [
    { url = "https://files.pythonhosted.org/packages/b7/ce/149a00dd41f10bc29e5921b496af8b574d8413afcd5e30dfa0ed46c2cc5e/six-1.17.0-py2.py3-none-any.whl", hash = "sha256:4721f391ed90541fddacab5acf947aa0d3dc7d27b2e1e8eda2be8970586c3274", size = 11050, upload-time = "2024-12-04T17:35:26.475Z" },
]

[[package]]
name = "soupsieve"
version = "2.7"
source = { registry = "https://pypi.org/simple" }
sdist = { url = "https://files.pythonhosted.org/packages/3f/f4/4a80cd6ef364b2e8b65b15816a843c0980f7a5a2b4dc701fc574952aa19f/soupsieve-2.7.tar.gz", hash = "sha256:ad282f9b6926286d2ead4750552c8a6142bc4c783fd66b0293547c8fe6ae126a", size = 103418, upload-time = "2025-04-20T18:50:08.518Z" }
wheels = [
    { url = "https://files.pythonhosted.org/packages/e7/9c/0e6afc12c269578be5c0c1c9f4b49a8d32770a080260c333ac04cc1c832d/soupsieve-2.7-py3-none-any.whl", hash = "sha256:6e60cc5c1ffaf1cebcc12e8188320b72071e922c2e897f737cadce79ad5d30c4", size = 36677, upload-time = "2025-04-20T18:50:07.196Z" },
]

[[package]]
name = "tornado"
version = "6.4.2"
source = { registry = "https://pypi.org/simple" }
sdist = { url = "https://files.pythonhosted.org/packages/59/45/a0daf161f7d6f36c3ea5fc0c2de619746cc3dd4c76402e9db545bd920f63/tornado-6.4.2.tar.gz", hash = "sha256:92bad5b4746e9879fd7bf1eb21dce4e3fc5128d71601f80005afa39237ad620b", size = 501135, upload-time = "2024-11-22T03:06:38.036Z" }
wheels = [
    { url = "https://files.pythonhosted.org/packages/26/7e/71f604d8cea1b58f82ba3590290b66da1e72d840aeb37e0d5f7291bd30db/tornado-6.4.2-cp38-abi3-macosx_10_9_universal2.whl", hash = "sha256:e828cce1123e9e44ae2a50a9de3055497ab1d0aeb440c5ac23064d9e44880da1", size = 436299, upload-time = "2024-11-22T03:06:20.162Z" },
    { url = "https://files.pythonhosted.org/packages/96/44/87543a3b99016d0bf54fdaab30d24bf0af2e848f1d13d34a3a5380aabe16/tornado-6.4.2-cp38-abi3-macosx_10_9_x86_64.whl", hash = "sha256:072ce12ada169c5b00b7d92a99ba089447ccc993ea2143c9ede887e0937aa803", size = 434253, upload-time = "2024-11-22T03:06:22.39Z" },
    { url = "https://files.pythonhosted.org/packages/cb/fb/fdf679b4ce51bcb7210801ef4f11fdac96e9885daa402861751353beea6e/tornado-6.4.2-cp38-abi3-manylinux_2_17_aarch64.manylinux2014_aarch64.whl", hash = "sha256:1a017d239bd1bb0919f72af256a970624241f070496635784d9bf0db640d3fec", size = 437602, upload-time = "2024-11-22T03:06:24.214Z" },
    { url = "https://files.pythonhosted.org/packages/4f/3b/e31aeffffc22b475a64dbeb273026a21b5b566f74dee48742817626c47dc/tornado-6.4.2-cp38-abi3-manylinux_2_5_i686.manylinux1_i686.manylinux_2_17_i686.manylinux2014_i686.whl", hash = "sha256:c36e62ce8f63409301537222faffcef7dfc5284f27eec227389f2ad11b09d946", size = 436972, upload-time = "2024-11-22T03:06:25.559Z" },
    { url = "https://files.pythonhosted.org/packages/22/55/b78a464de78051a30599ceb6983b01d8f732e6f69bf37b4ed07f642ac0fc/tornado-6.4.2-cp38-abi3-manylinux_2_5_x86_64.manylinux1_x86_64.manylinux_2_17_x86_64.manylinux2014_x86_64.whl", hash = "sha256:bca9eb02196e789c9cb5c3c7c0f04fb447dc2adffd95265b2c7223a8a615ccbf", size = 437173, upload-time = "2024-11-22T03:06:27.584Z" },
    { url = "https://files.pythonhosted.org/packages/79/5e/be4fb0d1684eb822c9a62fb18a3e44a06188f78aa466b2ad991d2ee31104/tornado-6.4.2-cp38-abi3-musllinux_1_2_aarch64.whl", hash = "sha256:304463bd0772442ff4d0f5149c6f1c2135a1fae045adf070821c6cdc76980634", size = 437892, upload-time = "2024-11-22T03:06:28.933Z" },
    { url = "https://files.pythonhosted.org/packages/f5/33/4f91fdd94ea36e1d796147003b490fe60a0215ac5737b6f9c65e160d4fe0/tornado-6.4.2-cp38-abi3-musllinux_1_2_i686.whl", hash = "sha256:c82c46813ba483a385ab2a99caeaedf92585a1f90defb5693351fa7e4ea0bf73", size = 437334, upload-time = "2024-11-22T03:06:30.428Z" },
    { url = "https://files.pythonhosted.org/packages/2b/ae/c1b22d4524b0e10da2f29a176fb2890386f7bd1f63aacf186444873a88a0/tornado-6.4.2-cp38-abi3-musllinux_1_2_x86_64.whl", hash = "sha256:932d195ca9015956fa502c6b56af9eb06106140d844a335590c1ec7f5277d10c", size = 437261, upload-time = "2024-11-22T03:06:32.458Z" },
    { url = "https://files.pythonhosted.org/packages/b5/25/36dbd49ab6d179bcfc4c6c093a51795a4f3bed380543a8242ac3517a1751/tornado-6.4.2-cp38-abi3-win32.whl", hash = "sha256:2876cef82e6c5978fde1e0d5b1f919d756968d5b4282418f3146b79b58556482", size = 438463, upload-time = "2024-11-22T03:06:34.71Z" },
    { url = "https://files.pythonhosted.org/packages/61/cc/58b1adeb1bb46228442081e746fcdbc4540905c87e8add7c277540934edb/tornado-6.4.2-cp38-abi3-win_amd64.whl", hash = "sha256:908b71bf3ff37d81073356a5fadcc660eb10c1476ee6e2725588626ce7e5ca38", size = 438907, upload-time = "2024-11-22T03:06:36.71Z" },
]

[[package]]
name = "typing-extensions"
version = "4.13.2"
source = { registry = "https://pypi.org/simple" }
sdist = { url = "https://files.pythonhosted.org/packages/f6/37/23083fcd6e35492953e8d2aaaa68b860eb422b34627b13f2ce3eb6106061/typing_extensions-4.13.2.tar.gz", hash = "sha256:e6c81219bd689f51865d9e372991c540bda33a0379d5573cddb9a3a23f7caaef", size = 106967, upload-time = "2025-04-10T14:19:05.416Z" }
wheels = [
    { url = "https://files.pythonhosted.org/packages/8b/54/b1ae86c0973cc6f0210b53d508ca3641fb6d0c56823f288d108bc7ab3cc8/typing_extensions-4.13.2-py3-none-any.whl", hash = "sha256:a439e7c04b49fec3e5d3e2beaa21755cadbbdc391694e28ccdd36ca4a1408f8c", size = 45806, upload-time = "2025-04-10T14:19:03.967Z" },
]

[[package]]
name = "tzdata"
version = "2025.2"
source = { registry = "https://pypi.org/simple" }
sdist = { url = "https://files.pythonhosted.org/packages/95/32/1a225d6164441be760d75c2c42e2780dc0873fe382da3e98a2e1e48361e5/tzdata-2025.2.tar.gz", hash = "sha256:b60a638fcc0daffadf82fe0f57e53d06bdec2f36c4df66280ae79bce6bd6f2b9", size = 196380, upload-time = "2025-03-23T13:54:43.652Z" }
wheels = [
    { url = "https://files.pythonhosted.org/packages/5c/23/c7abc0ca0a1526a0774eca151daeb8de62ec457e77262b66b359c3c7679e/tzdata-2025.2-py2.py3-none-any.whl", hash = "sha256:1a403fada01ff9221ca8044d701868fa132215d84beb92242d9acd2147f667a8", size = 347839, upload-time = "2025-03-23T13:54:41.845Z" },
]

[[package]]
name = "urllib3"
version = "2.2.3"
source = { registry = "https://pypi.org/simple" }
sdist = { url = "https://files.pythonhosted.org/packages/ed/63/22ba4ebfe7430b76388e7cd448d5478814d3032121827c12a2cc287e2260/urllib3-2.2.3.tar.gz", hash = "sha256:e7d814a81dad81e6caf2ec9fdedb284ecc9c73076b62654547cc64ccdcae26e9", size = 300677, upload-time = "2024-09-12T10:52:18.401Z" }
wheels = [
    { url = "https://files.pythonhosted.org/packages/ce/d9/5f4c13cecde62396b0d3fe530a50ccea91e7dfc1ccf0e09c228841bb5ba8/urllib3-2.2.3-py3-none-any.whl", hash = "sha256:ca899ca043dcb1bafa3e262d73aa25c465bfb49e0bd9dd5d59f1d0acba2f8fac", size = 126338, upload-time = "2024-09-12T10:52:16.589Z" },
]

[[package]]
name = "website-monitor"
version = "0.1.0"
source = { editable = "." }
dependencies = [
    { name = "beautifulsoup4" },
    { name = "coverage" },
    { name = "pandas" },
    { name = "python-telegram-bot" },
    { name = "requests" },
    { name = "responses" },
]

[package.metadata]
requires-dist = [
    { name = "beautifulsoup4", specifier = "==4.9.2" },
    { name = "coverage", specifier = "==5.3" },
    { name = "pandas", specifier = ">=2.0.3" },
    { name = "python-telegram-bot", specifier = "==12.5.1" },
    { name = "requests", specifier = "==2.32.4" },
    { name = "responses", specifier = "==0.12.0" },
]
